
Microsoft Visual Studio Solution File, Format Version 12.00
# Visual Studio 15
VisualStudioVersion = 15.0.27428.2043
MinimumVisualStudioVersion = 10.0.40219.1
Project("{9A19103F-16F7-4668-BE54-9A1E7A4F7556}") = "CommonTools.Lib11", "CommonTools.Lib11\CommonTools.Lib11.csproj", "{EDCCA7DF-1CB2-48E9-B57B-DA8A118FDA44}"
EndProject
Project("{FAE04EC0-301F-11D3-BF4B-00C04F79EFBC}") = "CommonTools.Lib45", "CommonTools.Lib45\CommonTools.Lib45.csproj", "{89C1D90F-AF50-48B4-8178-9B6CC2E28B11}"
EndProject
Project("{FAE04EC0-301F-11D3-BF4B-00C04F79EFBC}") = "RentLog.StallsCrud", "RentLog.StallsCrud\RentLog.StallsCrud.csproj", "{DC75E044-9366-4801-AD04-E31FB653ABFE}"
EndProject
Project("{FAE04EC0-301F-11D3-BF4B-00C04F79EFBC}") = "RentLog.DomainLib45", "RentLog.DomainLib45\RentLog.DomainLib45.csproj", "{D789FFC5-112E-4E95-8D86-E46DA7EE54FF}"
EndProject
Project("{9A19103F-16F7-4668-BE54-9A1E7A4F7556}") = "RentLog.DomainLib11", "RentLog.DomainLib11\RentLog.DomainLib11.csproj", "{D508BBC8-4D2C-46DE-A090-CC333D01270F}"
EndProject
Project("{FAE04EC0-301F-11D3-BF4B-00C04F79EFBC}") = "RentLog.DatabaseLib", "RentLog.DatabaseLib\RentLog.DatabaseLib.csproj", "{A1AAA1A9-81D2-4DB6-8BD1-D7DE5F57CCB2}"
EndProject
Project("{FAE04EC0-301F-11D3-BF4B-00C04F79EFBC}") = "RentLog.Tests", "RentLog.Tests\RentLog.Tests.csproj", "{9A8120A7-883A-48E5-A829-5F432DE77820}"
EndProject
Project("{FAE04EC0-301F-11D3-BF4B-00C04F79EFBC}") = "RentLog.LeasesCrud", "RentLog.LeasesCrud\RentLog.LeasesCrud.csproj", "{AD025F09-F180-45D9-868C-5F0274D32555}"
EndProject
Project("{FAE04EC0-301F-11D3-BF4B-00C04F79EFBC}") = "RentLog.Cashiering", "RentLog.Cashiering\RentLog.Cashiering.csproj", "{1C8F1FAD-7EA6-40C6-BC43-69A9DC070D03}"
EndProject
Project("{FAE04EC0-301F-11D3-BF4B-00C04F79EFBC}") = "RentLog.ReportLauncher", "RentLog.ReportLauncher\RentLog.ReportLauncher.csproj", "{E7E0032E-DAE6-45FC-9F54-0D8C324DEAC3}"
EndProject
Project("{FAE04EC0-301F-11D3-BF4B-00C04F79EFBC}") = "RentLog.ChequeVouchers", "RentLog.ChequeVouchers\RentLog.ChequeVouchers.csproj", "{2967913E-CAB8-479C-B1A5-93DAB1AFBB1E}"
EndProject
Project("{FAE04EC0-301F-11D3-BF4B-00C04F79EFBC}") = "RentLog.TrayLauncher", "RentLog.TrayLauncher\RentLog.TrayLauncher.csproj", "{31A137B1-B912-4125-A2FE-CAB3F8BC7170}"
EndProject
Project("{FAE04EC0-301F-11D3-BF4B-00C04F79EFBC}") = "CommonTools.Tests", "CommonTools.Tests\CommonTools.Tests.csproj", "{CE81B437-BB90-489B-B696-9F7167858737}"
EndProject
Global
	GlobalSection(SolutionConfigurationPlatforms) = preSolution
		Debug|Any CPU = Debug|Any CPU
		Release|Any CPU = Release|Any CPU
	EndGlobalSection
	GlobalSection(ProjectConfigurationPlatforms) = postSolution
		{EDCCA7DF-1CB2-48E9-B57B-DA8A118FDA44}.Debug|Any CPU.ActiveCfg = Debug|Any CPU
		{EDCCA7DF-1CB2-48E9-B57B-DA8A118FDA44}.Debug|Any CPU.Build.0 = Debug|Any CPU
		{EDCCA7DF-1CB2-48E9-B57B-DA8A118FDA44}.Release|Any CPU.ActiveCfg = Release|Any CPU
		{EDCCA7DF-1CB2-48E9-B57B-DA8A118FDA44}.Release|Any CPU.Build.0 = Release|Any CPU
		{89C1D90F-AF50-48B4-8178-9B6CC2E28B11}.Debug|Any CPU.ActiveCfg = Debug|Any CPU
		{89C1D90F-AF50-48B4-8178-9B6CC2E28B11}.Debug|Any CPU.Build.0 = Debug|Any CPU
		{89C1D90F-AF50-48B4-8178-9B6CC2E28B11}.Release|Any CPU.ActiveCfg = Release|Any CPU
		{89C1D90F-AF50-48B4-8178-9B6CC2E28B11}.Release|Any CPU.Build.0 = Release|Any CPU
		{DC75E044-9366-4801-AD04-E31FB653ABFE}.Debug|Any CPU.ActiveCfg = Debug|Any CPU
		{DC75E044-9366-4801-AD04-E31FB653ABFE}.Debug|Any CPU.Build.0 = Debug|Any CPU
		{DC75E044-9366-4801-AD04-E31FB653ABFE}.Release|Any CPU.ActiveCfg = Release|Any CPU
		{DC75E044-9366-4801-AD04-E31FB653ABFE}.Release|Any CPU.Build.0 = Release|Any CPU
		{D789FFC5-112E-4E95-8D86-E46DA7EE54FF}.Debug|Any CPU.ActiveCfg = Debug|Any CPU
		{D789FFC5-112E-4E95-8D86-E46DA7EE54FF}.Debug|Any CPU.Build.0 = Debug|Any CPU
		{D789FFC5-112E-4E95-8D86-E46DA7EE54FF}.Release|Any CPU.ActiveCfg = Release|Any CPU
		{D789FFC5-112E-4E95-8D86-E46DA7EE54FF}.Release|Any CPU.Build.0 = Release|Any CPU
		{D508BBC8-4D2C-46DE-A090-CC333D01270F}.Debug|Any CPU.ActiveCfg = Debug|Any CPU
		{D508BBC8-4D2C-46DE-A090-CC333D01270F}.Debug|Any CPU.Build.0 = Debug|Any CPU
		{D508BBC8-4D2C-46DE-A090-CC333D01270F}.Release|Any CPU.ActiveCfg = Release|Any CPU
		{D508BBC8-4D2C-46DE-A090-CC333D01270F}.Release|Any CPU.Build.0 = Release|Any CPU
		{A1AAA1A9-81D2-4DB6-8BD1-D7DE5F57CCB2}.Debug|Any CPU.ActiveCfg = Debug|Any CPU
		{A1AAA1A9-81D2-4DB6-8BD1-D7DE5F57CCB2}.Debug|Any CPU.Build.0 = Debug|Any CPU
		{A1AAA1A9-81D2-4DB6-8BD1-D7DE5F57CCB2}.Release|Any CPU.ActiveCfg = Release|Any CPU
		{A1AAA1A9-81D2-4DB6-8BD1-D7DE5F57CCB2}.Release|Any CPU.Build.0 = Release|Any CPU
		{9A8120A7-883A-48E5-A829-5F432DE77820}.Debug|Any CPU.ActiveCfg = Debug|Any CPU
		{9A8120A7-883A-48E5-A829-5F432DE77820}.Debug|Any CPU.Build.0 = Debug|Any CPU
		{9A8120A7-883A-48E5-A829-5F432DE77820}.Release|Any CPU.ActiveCfg = Release|Any CPU
		{9A8120A7-883A-48E5-A829-5F432DE77820}.Release|Any CPU.Build.0 = Release|Any CPU
		{AD025F09-F180-45D9-868C-5F0274D32555}.Debug|Any CPU.ActiveCfg = Debug|Any CPU
		{AD025F09-F180-45D9-868C-5F0274D32555}.Debug|Any CPU.Build.0 = Debug|Any CPU
		{AD025F09-F180-45D9-868C-5F0274D32555}.Release|Any CPU.ActiveCfg = Release|Any CPU
		{AD025F09-F180-45D9-868C-5F0274D32555}.Release|Any CPU.Build.0 = Release|Any CPU
		{1C8F1FAD-7EA6-40C6-BC43-69A9DC070D03}.Debug|Any CPU.ActiveCfg = Debug|Any CPU
		{1C8F1FAD-7EA6-40C6-BC43-69A9DC070D03}.Debug|Any CPU.Build.0 = Debug|Any CPU
		{1C8F1FAD-7EA6-40C6-BC43-69A9DC070D03}.Release|Any CPU.ActiveCfg = Release|Any CPU
		{1C8F1FAD-7EA6-40C6-BC43-69A9DC070D03}.Release|Any CPU.Build.0 = Release|Any CPU
		{E7E0032E-DAE6-45FC-9F54-0D8C324DEAC3}.Debug|Any CPU.ActiveCfg = Debug|Any CPU
		{E7E0032E-DAE6-45FC-9F54-0D8C324DEAC3}.Debug|Any CPU.Build.0 = Debug|Any CPU
		{E7E0032E-DAE6-45FC-9F54-0D8C324DEAC3}.Release|Any CPU.ActiveCfg = Release|Any CPU
		{E7E0032E-DAE6-45FC-9F54-0D8C324DEAC3}.Release|Any CPU.Build.0 = Release|Any CPU
		{2967913E-CAB8-479C-B1A5-93DAB1AFBB1E}.Debug|Any CPU.ActiveCfg = Debug|Any CPU
		{2967913E-CAB8-479C-B1A5-93DAB1AFBB1E}.Debug|Any CPU.Build.0 = Debug|Any CPU
		{2967913E-CAB8-479C-B1A5-93DAB1AFBB1E}.Release|Any CPU.ActiveCfg = Release|Any CPU
		{2967913E-CAB8-479C-B1A5-93DAB1AFBB1E}.Release|Any CPU.Build.0 = Release|Any CPU
		{31A137B1-B912-4125-A2FE-CAB3F8BC7170}.Debug|Any CPU.ActiveCfg = Debug|Any CPU
		{31A137B1-B912-4125-A2FE-CAB3F8BC7170}.Debug|Any CPU.Build.0 = Debug|Any CPU
		{31A137B1-B912-4125-A2FE-CAB3F8BC7170}.Release|Any CPU.ActiveCfg = Release|Any CPU
		{31A137B1-B912-4125-A2FE-CAB3F8BC7170}.Release|Any CPU.Build.0 = Release|Any CPU
		{CE81B437-BB90-489B-B696-9F7167858737}.Debug|Any CPU.ActiveCfg = Debug|Any CPU
		{CE81B437-BB90-489B-B696-9F7167858737}.Debug|Any CPU.Build.0 = Debug|Any CPU
		{CE81B437-BB90-489B-B696-9F7167858737}.Release|Any CPU.ActiveCfg = Release|Any CPU
		{CE81B437-BB90-489B-B696-9F7167858737}.Release|Any CPU.Build.0 = Release|Any CPU
	EndGlobalSection
	GlobalSection(SolutionProperties) = preSolution
		HideSolutionNode = FALSE
	EndGlobalSection
	GlobalSection(ExtensibilityGlobals) = postSolution
		SolutionGuid = {C3F51858-1098-42DE-AFE1-0EE57CEC20DD}
	EndGlobalSection
EndGlobal
